
Microsoft Visual Studio Solution File, Format Version 12.00
# Visual Studio 15
VisualStudioVersion = 15.0.26430.12
MinimumVisualStudioVersion = 10.0.40219.1
Project("{FAE04EC0-301F-11D3-BF4B-00C04F79EFBC}") = "Timasheva_Autoservice", "Timasheva_Autoservice\Timasheva_Autoservice.csproj", "{707C7DFE-371E-437B-BA27-A0B12CC508B0}"
EndProject
Global
	GlobalSection(SolutionConfigurationPlatforms) = preSolution
		Debug|Any CPU = Debug|Any CPU
		Release|Any CPU = Release|Any CPU
	EndGlobalSection
	GlobalSection(ProjectConfigurationPlatforms) = postSolution
		{707C7DFE-371E-437B-BA27-A0B12CC508B0}.Debug|Any CPU.ActiveCfg = Debug|Any CPU
		{707C7DFE-371E-437B-BA27-A0B12CC508B0}.Debug|Any CPU.Build.0 = Debug|Any CPU
		{707C7DFE-371E-437B-BA27-A0B12CC508B0}.Release|Any CPU.ActiveCfg = Release|Any CPU
		{707C7DFE-371E-437B-BA27-A0B12CC508B0}.Release|Any CPU.Build.0 = Release|Any CPU
	EndGlobalSection
	GlobalSection(SolutionProperties) = preSolution
		HideSolutionNode = FALSE
	EndGlobalSection
EndGlobal
